PODS:
  - Crashlytics (3.8.5):
    - Fabric (~> 1.6.3)
  - Fabric (1.6.12)
  - Firebase/Auth (4.0.4):
    - Firebase/Core
    - FirebaseAuth (= 4.0.0)
  - Firebase/Core (4.0.4):
    - FirebaseAnalytics (= 4.0.2)
    - FirebaseCore (= 4.0.4)
  - Firebase/Database (4.0.4):
    - Firebase/Core
    - FirebaseDatabase (= 4.0.0)
  - Firebase/DynamicLinks (4.0.4):
    - Firebase/Core
    - FirebaseDynamicLinks (= 2.0.0)
  - Firebase/Messaging (4.0.4):
    - Firebase/Core
    - FirebaseMessaging (= 2.0.0)
  - Firebase/RemoteConfig (4.0.4):
    - Firebase/Core
    - FirebaseRemoteConfig (= 2.0.1)
  - FirebaseAnalytics (4.0.2):
    - FirebaseCore (~> 4.0)
    - FirebaseInstanceID (~> 2.0)
    - GoogleToolboxForMac/NSData+zlib (~> 2.1)
  - FirebaseAuth (4.0.0):
    - FirebaseAnalytics (~> 4.0)
    - GoogleToolboxForMac/NSDictionary+URLArguments (~> 2.1)
    - GTMSessionFetcher/Core (~> 1.1)
  - FirebaseCore (4.0.4):
    - GoogleToolboxForMac/NSData+zlib (~> 2.1)
    - nanopb (~> 0.3)
  - FirebaseDatabase (4.0.0):
    - FirebaseAnalytics (~> 4.0)
  - FirebaseDynamicLinks (2.0.0):
    - FirebaseAnalytics (~> 4.0)
  - FirebaseInstanceID (2.0.0):
    - FirebaseCore (~> 4.0)
  - FirebaseMessaging (2.0.0):
    - FirebaseAnalytics (~> 4.0)
    - FirebaseCore (~> 4.0)
    - FirebaseInstanceID (~> 2.0)
    - GoogleToolboxForMac/Logger (~> 2.1)
    - Protobuf (~> 3.1)
  - FirebaseRemoteConfig (2.0.1):
    - FirebaseAnalytics (~> 4.0)
    - FirebaseInstanceID (~> 2.0)
    - GoogleToolboxForMac/NSData+zlib (~> 2.1)
    - Protobuf (~> 3.1)
  - GoogleToolboxForMac/DebugUtils (2.1.1):
    - GoogleToolboxForMac/Defines (= 2.1.1)
  - GoogleToolboxForMac/Defines (2.1.1)
  - GoogleToolboxForMac/Logger (2.1.1):
    - GoogleToolboxForMac/Defines (= 2.1.1)
  - GoogleToolboxForMac/NSData+zlib (2.1.1):
    - GoogleToolboxForMac/Defines (= 2.1.1)
  - GoogleToolboxForMac/NSDictionary+URLArguments (2.1.1):
    - GoogleToolboxForMac/DebugUtils (= 2.1.1)
    - GoogleToolboxForMac/Defines (= 2.1.1)
    - GoogleToolboxForMac/NSString+URLArguments (= 2.1.1)
  - GoogleToolboxForMac/NSString+URLArguments (2.1.1)
  - GTMSessionFetcher/Core (1.1.11)
  - nanopb (0.3.8):
    - nanopb/decode (= 0.3.8)
    - nanopb/encode (= 0.3.8)
  - nanopb/decode (0.3.8)
  - nanopb/encode (0.3.8)
  - Protobuf (3.3.0)
  - React (0.46.1):
    - React/Core (= 0.46.1)
  - react-native-in-app-utils (5.5.0):
    - React
  - React/BatchedBridge (0.46.1):
    - React/Core
    - React/cxxreact_legacy
  - React/Core (0.46.1):
    - Yoga (= 0.46.1.React)
  - React/cxxreact_legacy (0.46.1):
    - React/jschelpers_legacy
  - React/jschelpers_legacy (0.46.1)
  - RNFirebase (2.0.3)
  - RNSVG (5.3.0):
    - React
  - RNVectorIcons (4.2.0):
    - React
  - Yoga (0.46.1.React)

DEPENDENCIES:
  - Crashlytics
  - Fabric
  - Firebase/Auth
  - Firebase/Core
  - Firebase/Database
  - Firebase/DynamicLinks
  - Firebase/Messaging
  - Firebase/RemoteConfig
  - react-native-in-app-utils (from `../node_modules/react-native-in-app-utils`)
  - React/BatchedBridge (from `../node_modules/react-native`)
  - React/Core (from `../node_modules/react-native`)
  - RNFirebase (from `../node_modules/react-native-firebase`)
  - RNSVG (from `../node_modules/react-native-svg`)
  - RNVectorIcons (from `../node_modules/react-native-vector-icons`)
  - Yoga (from `../node_modules/react-native/ReactCommon/yoga`)

EXTERNAL SOURCES:
  React:
    :path: "../node_modules/react-native"
  react-native-in-app-utils:
    :path: "../node_modules/react-native-in-app-utils"
  RNFirebase:
    :path: "../node_modules/react-native-firebase"
  RNSVG:
    :path: "../node_modules/react-native-svg"
  RNVectorIcons:
    :path: "../node_modules/react-native-vector-icons"
  Yoga:
    :path: "../node_modules/react-native/ReactCommon/yoga"

SPEC CHECKSUMS:
  Crashlytics: dfbae35ef22ca189240d230ad501feea4ee85d2d
  Fabric: f050464eac45a2ce5a8e6e6a07e977c0df32fe28
  Firebase: 1492bf04e1b73a7353b4fb2cf5a20bac9692f341
  FirebaseAnalytics: ad41720e3e67fc63fbe3d2948d3e26932a8de311
  FirebaseAuth: ebb6abcbabae00fc47446d690c19ce68d8484fde
  FirebaseCore: cfc042628ef9f20debe09c0eb683135fcd404cb4
  FirebaseDatabase: d829b3a8c3e2ac7a16773c5df226966b0805dfc2
  FirebaseDynamicLinks: ad3bef2e8addfa1490af9db02201429c5c9447dd
  FirebaseInstanceID: 9fbf536668f4d3f0880e7438456dabd1376e294b
  FirebaseMessaging: 227406c05b0dc9290702d2e9f18ab5528f0c2cf2
  FirebaseRemoteConfig: 328244399f64226cfdfa32efee596bb010ef5665
  GoogleToolboxForMac: 8e329f1b599f2512c6b10676d45736bcc2cbbeb0
  GTMSessionFetcher: 5ad62e8200fa00ed011fe5e08d27fef72c5b1429
  nanopb: 22bc080fa3955e2116b6ff3ee6c2cb3c15ab97cb
  Protobuf: d582fecf68201eac3d79ed61369ef45734394b9c
  React: 0c6f45ca8c39fe48ed4e3a5583861a8e1bc0959e
  react-native-in-app-utils: 2ef766bea71e31c0bf4a6800f7bb20a8706c579d
  RNFirebase: 22e723806850dd17643cebcf4d9ccdc738e9a157
  RNSVG: 7548d93456b77f92a73cb77bca5b4b9ef85c90bf
  RNVectorIcons: 6d98d83e944d15014d8071dd9819beb094c61133
  Yoga: 9148a870ff3adaba107edb8ef48ab189c9d9a3d1

PODFILE CHECKSUM: 3d59e7e210e82ec103833d5a4368db212a6e4d90

COCOAPODS: 1.2.1
